
Microsoft Visual Studio Solution File, Format Version 12.00
# Visual Studio 15
VisualStudioVersion = 15.0.28307.1585
MinimumVisualStudioVersion = 10.0.40219.1
Project("{FAE04EC0-301F-11D3-BF4B-00C04F79EFBC}") = "AutomaticRenewals2021", "AutomaticRenewals2021\AutomaticRenewals2021.csproj", "{BA4A87A5-8168-4760-900E-E047D3A7B722}"
EndProject
Global
	GlobalSection(SolutionConfigurationPlatforms) = preSolution
		Debug|Any CPU = Debug|Any CPU
		Release|Any CPU = Release|Any CPU
	EndGlobalSection
	GlobalSection(ProjectConfigurationPlatforms) = postSolution
		{BA4A87A5-8168-4760-900E-E047D3A7B722}.Debug|Any CPU.ActiveCfg = Debug|Any CPU
		{BA4A87A5-8168-4760-900E-E047D3A7B722}.Debug|Any CPU.Build.0 = Debug|Any CPU
		{BA4A87A5-8168-4760-900E-E047D3A7B722}.Release|Any CPU.ActiveCfg = Release|Any CPU
		{BA4A87A5-8168-4760-900E-E047D3A7B722}.Release|Any CPU.Build.0 = Release|Any CPU
	EndGlobalSection
	GlobalSection(SolutionProperties) = preSolution
		HideSolutionNode = FALSE
	EndGlobalSection
	GlobalSection(ExtensibilityGlobals) = postSolution
		SolutionGuid = {A94224D4-0C51-4E4E-822D-12884851607F}
	EndGlobalSection
EndGlobal
